{
  "nodes": {
    "devenv": {
      "locked": {
        "dir": "src/modules",
        "lastModified": 1781800860,
        "narHash": "sha256-LrEo0eC5ckMvjpBRCuk5q5/vjItKlxnb4n/clHNRZlk=",
        "owner": "cachix",
        "repo": "devenv",
        "rev": "d59d872d80876d9eeb3e214d3b088bc4a14a9c4f",
        "type": "github"
      },
      "original": {
        "dir": "src/modules",
        "owner": "cachix",
        "repo": "devenv",
        "type": "github"
      }
    },
    "flake-utils": {
      "inputs": {
        "systems": "systems"
      },
      "locked": {
        "lastModified": 1731533236,
        "narHash": "sha256-l0KFg5HjrsfsO/JpG+r7fRrqm12kzFHyUHqHCVpMMbI=",
        "owner": "numtide",
        "repo": "flake-utils",
        "rev": "11707dc2f618dd54ca8739b309ec4fc024de578b",
        "type": "github"
      },
      "original": {
        "owner": "numtide",
        "repo": "flake-utils",
        "type": "github"
      }
    },
    "home-manager": {
      "inputs": {
        "nixpkgs": [
          "sbtask",
          "nixpkgs"
        ]
      },
      "locked": {
        "lastModified": 1781788787,
        "narHash": "sha256-YqlTCRRhGvNjcJejPeMuHrYQ/TVhOO2MV/nEGMWb8nk=",
        "owner": "nix-community",
        "repo": "home-manager",
        "rev": "d456f483f157d4b706416005da226234b9c116ff",
        "type": "github"
      },
      "original": {
        "owner": "nix-community",
        "repo": "home-manager",
        "type": "github"
      }
    },
    "nixpkgs": {
      "inputs": {
        "nixpkgs-src": "nixpkgs-src"
      },
      "locked": {
        "lastModified": 1781620901,
        "narHash": "sha256-UF6scQlG+6lRkZBUpn/3KNavhOo5G8kDWhjVHcno8uc=",
        "owner": "cachix",
        "repo": "devenv-nixpkgs",
        "rev": "2df109b343d3c68efd752e32a444a1d9b9f89afa",
        "type": "github"
      },
      "original": {
        "owner": "cachix",
        "ref": "rolling",
        "repo": "devenv-nixpkgs",
        "type": "github"
      }
    },
    "nixpkgs-src": {
      "flake": false,
      "locked": {
        "lastModified": 1781454065,
        "narHash": "sha256-d2xfDjnfRuf/xYGdu9VVRHiav/2w5hDL/5cw2TuVAXw=",
        "owner": "NixOS",
        "repo": "nixpkgs",
        "rev": "9eac87a12312b8f60dd52e1c6e1a265f6fc7f5fc",
        "type": "github"
      },
      "original": {
        "owner": "NixOS",
        "ref": "nixpkgs-unstable",
        "repo": "nixpkgs",
        "type": "github"
      }
    },
    "nixpkgs_2": {
      "locked": {
        "lastModified": 1781607440,
        "narHash": "sha256-rxO+uc/KFbSJp+pgyXRuAX6QlG9hJdnt0BXpEQRXY+U=",
        "owner": "NixOS",
        "repo": "nixpkgs",
        "rev": "3e41b24abd260e8f71dbe2f5737d24122f972158",
        "type": "github"
      },
      "original": {
        "owner": "NixOS",
        "ref": "nixpkgs-unstable",
        "repo": "nixpkgs",
        "type": "github"
      }
    },
    "root": {
      "inputs": {
        "devenv": "devenv",
        "nixpkgs": "nixpkgs",
        "sbtask": "sbtask"
      }
    },
    "sbtask": {
      "inputs": {
        "flake-utils": "flake-utils",
        "home-manager": "home-manager",
        "nixpkgs": "nixpkgs_2"
      },
      "locked": {
        "lastModified": 1782020233,
        "narHash": "sha256-9eDkfQBd1qpSQNgy8m4z3PUBjtt7zwhhRZ7rUsuX3P0=",
        "ref": "refs/heads/main",
        "rev": "4272b599ef22dda8934c2be29b8cb7c9f9f1a1c1",
        "revCount": 40,
        "type": "git",
        "url": "ssh://forgejo@git.fluffy-rooster.ts.net/FRGD/sbtask.git"
      },
      "original": {
        "type": "git",
        "url": "ssh://forgejo@git.fluffy-rooster.ts.net/FRGD/sbtask.git"
      }
    },
    "systems": {
      "locked": {
        "lastModified": 1681028828,
        "narHash": "sha256-Vy1rq5AaRuLzOxct8nz4T6wlgyUR7zLU309k9mBC768=",
        "owner": "nix-systems",
        "repo": "default",
        "rev": "da67096a3b9bf56a91d16901293e51ba5b49a27e",
        "type": "github"
      },
      "original": {
        "owner": "nix-systems",
        "repo": "default",
        "type": "github"
      }
    }
  },
  "root": "root",
  "version": 7
}